<?xml version="1.0" encoding="utf-8"?>
<Project ToolsVersion="4.0" xmlns="http://schemas.microsoft.com/developer/msbuild/2003">
  <ItemGroup>
    <Filter Include="Source Files">
      <UniqueIdentifier>{4FC737F1-C7A5-4376-A066-2A32D752A2FF}</UniqueIdentifier>
      <Extensions>cpp;c;cc;cxx;def;odl;idl;hpj;bat;asm;asmx</Extensions>
    </Filter>
    <Filter Include="Header Files">
      <UniqueIdentifier>{93995380-89BD-4b04-88EB-625FBE52EBFB}</UniqueIdentifier>
      <Extensions>h;hh;hpp;hxx;hm;inl;inc;xsd</Extensions>
    </Filter>
    <Filter Include="Resource Files">
      <UniqueIdentifier>{67DA6AB6-F800-4c08-8B7A-83BB121AAD01}</UniqueIdentifier>
      <Extensions>rc;ico;cur;bmp;dlg;rc2;rct;bin;rgs;gif;jpg;jpeg;jpe;resx;tiff;tif;png;wav;mfcribbon-ms</Extensions>
    </Filter>
    <Filter Include="Algorithm">
      <UniqueIdentifier>{b6634276-ae80-4f62-8c45-e83d8f439013}</UniqueIdentifier>
    </Filter>
  </ItemGroup>
  <ItemGroup>
    <ClCompile Include="Source.cpp">
      <Filter>Source Files</Filter>
    </ClCompile>
    <ClCompile Include="Algorithm\1_two_sum_1.cpp">
      <Filter>Algorithm</Filter>
    </ClCompile>
    <ClCompile Include="Algorithm\1_two_sum_2.cpp">
      <Filter>Algorithm</Filter>
    </ClCompile>
    <ClCompile Include="Algorithm\2_Add_Two_Numbers.cpp">
      <Filter>Algorithm</Filter>
    </ClCompile>
    <ClCompile Include="3_Longest_Substring_Without_Repeating_Characters_1.cpp">
      <Filter>Algorithm</Filter>
    </ClCompile>
    <ClCompile Include="3_Longest_Substring_Without_Repeating_Characters_2.cpp">
      <Filter>Algorithm</Filter>
    </ClCompile>
    <ClCompile Include="Un_4_Median_of_Two_Sorted_Arrays.cpp">
      <Filter>Algorithm</Filter>
    </ClCompile>
    <ClCompile Include="5_Longest_Palindromic_Substring_1.cpp">
      <Filter>Algorithm</Filter>
    </ClCompile>
    <ClCompile Include="5_Longest_Palindromic_Substring_2.cpp">
      <Filter>Algorithm</Filter>
    </ClCompile>
    <ClCompile Include="6_ZigZag_Conversion.cpp">
      <Filter>Algorithm</Filter>
    </ClCompile>
    <ClCompile Include="7_Reverse_Integer.cpp">
      <Filter>Algorithm</Filter>
    </ClCompile>
    <ClCompile Include="8_String_to_Integer.cpp">
      <Filter>Algorithm</Filter>
    </ClCompile>
    <ClCompile Include="9_Palindrome_Number_1.cpp">
      <Filter>Algorithm</Filter>
    </ClCompile>
    <ClCompile Include="9_Palindrome_Number_2.cpp">
      <Filter>Algorithm</Filter>
    </ClCompile>
    <ClCompile Include="Un_10_Regular_Expression_Matching.cpp">
      <Filter>Algorithm</Filter>
    </ClCompile>
    <ClCompile Include="11_Another_Edition_of_Container.cpp">
      <Filter>Algorithm</Filter>
    </ClCompile>
    <ClCompile Include="11_Container_With_Most_Water.cpp">
      <Filter>Algorithm</Filter>
    </ClCompile>
    <ClCompile Include="12_Integer_to_Roman.cpp">
      <Filter>Algorithm</Filter>
    </ClCompile>
    <ClCompile Include="13_Roman_to_Integer.cpp">
      <Filter>Algorithm</Filter>
    </ClCompile>
    <ClCompile Include="14_Longest_Common_Prefix.cpp">
      <Filter>Algorithm</Filter>
    </ClCompile>
    <ClCompile Include="15_3_Sum_2.cpp">
      <Filter>Algorithm</Filter>
    </ClCompile>
    <ClCompile Include="15_3_Sum_1.cpp">
      <Filter>Algorithm</Filter>
    </ClCompile>
    <ClCompile Include="16_3_Sum_Closest.cpp">
      <Filter>Algorithm</Filter>
    </ClCompile>
    <ClCompile Include="17_Letter_Combinations_of_a_Phone_Number.cpp">
      <Filter>Algorithm</Filter>
    </ClCompile>
    <ClCompile Include="18_4_Sum_1.cpp">
      <Filter>Algorithm</Filter>
    </ClCompile>
    <ClCompile Include="18_4_Sum_2.cpp">
      <Filter>Algorithm</Filter>
    </ClCompile>
    <ClCompile Include="18_4_Sum_3.cpp">
      <Filter>Algorithm</Filter>
    </ClCompile>
    <ClCompile Include="19_Remove_Nth_Node_From_End_of_List.cpp">
      <Filter>Algorithm</Filter>
    </ClCompile>
    <ClCompile Include="20_Valid_Parentheses.cpp">
      <Filter>Algorithm</Filter>
    </ClCompile>
    <ClCompile Include="21_Merge_Two_Sorted_List.cpp">
      <Filter>Algorithm</Filter>
    </ClCompile>
    <ClCompile Include="22_Generate_Parantheses_1.cpp">
      <Filter>Algorithm</Filter>
    </ClCompile>
    <ClCompile Include="22_Generate_Parantheses_2.cpp">
      <Filter>Algorithm</Filter>
    </ClCompile>
  </ItemGroup>
</Project>